
Microsoft Visual Studio Solution File, Format Version 12.00
# Visual Studio Version 16
VisualStudioVersion = 16.0.28803.352
MinimumVisualStudioVersion = 10.0.40219.1
Project("{9A19103F-16F7-4668-BE54-9A1E7A4F7556}") = "SmtpServer", "SmtpServer\SmtpServer.csproj", "{0A7CFC3D-305C-4018-9052-3A7A8B5DD104}"
EndProject
Project("{9A19103F-16F7-4668-BE54-9A1E7A4F7556}") = "SmtpServer.Benchmarks", "SmtpServer.Benchmarks\SmtpServer.Benchmarks.csproj", "{7AE1F3B4-2C00-4BAA-A13C-5EBD43EDE81A}"
EndProject
Project("{9A19103F-16F7-4668-BE54-9A1E7A4F7556}") = "SmtpServer.Tests", "SmtpServer.Tests\SmtpServer.Tests.csproj", "{4957B054-F07E-402D-A3EC-7EBA0B3018B7}"
EndProject
Project("{9A19103F-16F7-4668-BE54-9A1E7A4F7556}") = "WorkerService", "..\examples\WorkerService\WorkerService.csproj", "{EE0C474F-8404-4FB6-865F-A034B5DB77FE}"
EndProject
Project("{2150E333-8FDC-42A3-9474-1A3956D46DE8}") = "Examples", "Examples", "{6BAD2430-FA6B-4929-8BD7-66663CA02207}"
EndProject
Project("{9A19103F-16F7-4668-BE54-9A1E7A4F7556}") = "SampleApp", "..\examples\SampleApp\SampleApp.csproj", "{DB671922-7280-4854-9C4F-0BA073B5F1E2}"
EndProject
Global
	GlobalSection(SolutionConfigurationPlatforms) = preSolution
		Debug|Any CPU = Debug|Any CPU
		Release|Any CPU = Release|Any CPU
	EndGlobalSection
	GlobalSection(ProjectConfigurationPlatforms) = postSolution
		{0A7CFC3D-305C-4018-9052-3A7A8B5DD104}.Debug|Any CPU.ActiveCfg = Debug|Any CPU
		{0A7CFC3D-305C-4018-9052-3A7A8B5DD104}.Debug|Any CPU.Build.0 = Debug|Any CPU
		{0A7CFC3D-305C-4018-9052-3A7A8B5DD104}.Release|Any CPU.ActiveCfg = Release|Any CPU
		{0A7CFC3D-305C-4018-9052-3A7A8B5DD104}.Release|Any CPU.Build.0 = Release|Any CPU
		{7AE1F3B4-2C00-4BAA-A13C-5EBD43EDE81A}.Debug|Any CPU.ActiveCfg = Debug|Any CPU
		{7AE1F3B4-2C00-4BAA-A13C-5EBD43EDE81A}.Debug|Any CPU.Build.0 = Debug|Any CPU
		{7AE1F3B4-2C00-4BAA-A13C-5EBD43EDE81A}.Release|Any CPU.ActiveCfg = Release|Any CPU
		{7AE1F3B4-2C00-4BAA-A13C-5EBD43EDE81A}.Release|Any CPU.Build.0 = Release|Any CPU
		{4957B054-F07E-402D-A3EC-7EBA0B3018B7}.Debug|Any CPU.ActiveCfg = Debug|Any CPU
		{4957B054-F07E-402D-A3EC-7EBA0B3018B7}.Debug|Any CPU.Build.0 = Debug|Any CPU
		{4957B054-F07E-402D-A3EC-7EBA0B3018B7}.Release|Any CPU.ActiveCfg = Release|Any CPU
		{4957B054-F07E-402D-A3EC-7EBA0B3018B7}.Release|Any CPU.Build.0 = Release|Any CPU
		{EE0C474F-8404-4FB6-865F-A034B5DB77FE}.Debug|Any CPU.ActiveCfg = Debug|Any CPU
		{EE0C474F-8404-4FB6-865F-A034B5DB77FE}.Debug|Any CPU.Build.0 = Debug|Any CPU
		{EE0C474F-8404-4FB6-865F-A034B5DB77FE}.Release|Any CPU.ActiveCfg = Release|Any CPU
		{EE0C474F-8404-4FB6-865F-A034B5DB77FE}.Release|Any CPU.Build.0 = Release|Any CPU
		{DB671922-7280-4854-9C4F-0BA073B5F1E2}.Debug|Any CPU.ActiveCfg = Debug|Any CPU
		{DB671922-7280-4854-9C4F-0BA073B5F1E2}.Debug|Any CPU.Build.0 = Debug|Any CPU
		{DB671922-7280-4854-9C4F-0BA073B5F1E2}.Release|Any CPU.ActiveCfg = Release|Any CPU
		{DB671922-7280-4854-9C4F-0BA073B5F1E2}.Release|Any CPU.Build.0 = Release|Any CPU
	EndGlobalSection
	GlobalSection(SolutionProperties) = preSolution
		HideSolutionNode = FALSE
	EndGlobalSection
	GlobalSection(NestedProjects) = preSolution
		{EE0C474F-8404-4FB6-865F-A034B5DB77FE} = {6BAD2430-FA6B-4929-8BD7-66663CA02207}
		{DB671922-7280-4854-9C4F-0BA073B5F1E2} = {6BAD2430-FA6B-4929-8BD7-66663CA02207}
	EndGlobalSection
	GlobalSection(ExtensibilityGlobals) = postSolution
		SolutionGuid = {3050CFB6-1836-4A06-8AA4-C9E75A9B9147}
	EndGlobalSection
EndGlobal
